// !$*UTF8*$!
{
	archiveVersion = 1;
	classes = {
	};
	objectVersion = 46;
	objects = {

/* Begin PBXBuildFile section */
		652A6FEB1AFA44440061057C /* main.m in Sources */ = {isa = PBXBuildFile; fileRef = 652A6FEA1AFA44440061057C /* main.m */; };
		652A6FEE1AFA44440061057C /* AppDelegate.m in Sources */ = {isa = PBXBuildFile; fileRef = 652A6FED1AFA44440061057C /* AppDelegate.m */; };
		652A6FF11AFA44440061057C /* ViewController.m in Sources */ = {isa = PBXBuildFile; fileRef = 652A6FF01AFA44440061057C /* ViewController.m */; };
		652A6FF41AFA44440061057C /* Main.storyboard in Resources */ = {isa = PBXBuildFile; fileRef = 652A6FF21AFA44440061057C /* Main.storyboard */; };
		652A6FF61AFA44440061057C /* Images.xcassets in Resources */ = {isa = PBXBuildFile; fileRef = 652A6FF51AFA44440061057C /* Images.xcassets */; };
		652A6FF91AFA44440061057C /* LaunchScreen.xib in Resources */ = {isa = PBXBuildFile; fileRef = 652A6FF71AFA44440061057C /* LaunchScreen.xib */; };
		652A70051AFA44440061057C /* ToDoListTests.m in Sources */ = {isa = PBXBuildFile; fileRef = 652A70041AFA44440061057C /* ToDoListTests.m */; };
/* End PBXBuildFile section */

/* Begin PBXContainerItemProxy section */
		652A6FFF1AFA44440061057C /* PBXContainerItemProxy */ = {
			isa = PBXContainerItemProxy;
			containerPortal = 652A6FDD1AFA44440061057C /* Project object */;
			proxyType = 1;
			remoteGlobalIDString = 652A6FE41AFA44440061057C;
			remoteInfo = ToDoList;
		};
/* End PBXContainerItemProxy section */

/* Begin PBXFileReference section */
		652A6FE51AFA44440061057C /* ToDoList.app */ = {isa = PBXFileReference; explicitFileType = wrapper.application; includeInIndex = 0; path = ToDoList.app; sourceTree = BUILT_PRODUCTS_DIR; };
		652A6FE91AFA44440061057C /* Info.plist */ = {isa = PBXFileReference; lastKnownFileType = text.plist.xml; path = Info.plist; sourceTree = "<group>"; };
		652A6FEA1AFA44440061057C /* main.m */ = {isa = PBXFileReference; lastKnownFileType = sourcecode.c.objc; path = main.m; sourceTree = "<group>"; };
		652A6FEC1AFA44440061057C /* AppDelegate.h */ = {isa = PBXFileReference; lastKnownFileType = sourcecode.c.h; path = AppDelegate.h; sourceTree = "<group>"; };
		652A6FED1AFA44440061057C /* AppDelegate.m */ = {isa = PBXFileReference; lastKnownFileType = sourcecode.c.objc; path = AppDelegate.m; sourceTree = "<group>"; };
		652A6FEF1AFA44440061057C /* ViewController.h */ = {isa = PBXFileReference; lastKnownFileType = sourcecode.c.h; path = ViewController.h; sourceTree = "<group>"; };
		652A6FF01AFA44440061057C /* ViewController.m */ = {isa = PBXFileReference; lastKnownFileType = sourcecode.c.objc; path = ViewController.m; sourceTree = "<group>"; };
		652A6FF31AFA44440061057C /* Base */ = {isa = PBXFileReference; lastKnownFileType = file.storyboard; name = Base; path = Base.lproj/Main.storyboard; sourceTree = "<group>"; };
		652A6FF51AFA44440061057C /* Images.xcassets */ = {isa = PBXFileReference; lastKnownFileType = folder.assetcatalog; path = Images.xcassets; sourceTree = "<group>"; };
		652A6FF81AFA44440061057C /* Base */ = {isa = PBXFileReference; lastKnownFileType = file.xib; name = Base; path = Base.lproj/LaunchScreen.xib; sourceTree = "<group>"; };
		652A6FFE1AFA44440061057C /* ToDoListTests.xctest */ = {isa = PBXFileReference; explicitFileType = wrapper.cfbundle; includeInIndex = 0; path = ToDoListTests.xctest; sourceTree = BUILT_PRODUCTS_DIR; };
		652A70031AFA44440061057C /* Info.plist */ = {isa = PBXFileReference; lastKnownFileType = text.plist.xml; path = Info.plist; sourceTree = "<group>"; };
		652A70041AFA44440061057C /* ToDoListTests.m */ = {isa = PBXFileReference; lastKnownFileType = sourcecode.c.objc; path = ToDoListTests.m; sourceTree = "<group>"; };
/* End PBXFileReference section */

/* Begin PBXFrameworksBuildPhase section */
		652A6FE21AFA44440061057C /* Frameworks */ = {
			isa = PBXFrameworksBuildPhase;
			buildActionMask = 2147483647;
			files = (
			);
			runOnlyForDeploymentPostprocessing = 0;
		};
		652A6FFB1AFA44440061057C /* Frameworks */ = {
			isa = PBXFrameworksBuildPhase;
			buildActionMask = 2147483647;
			files = (
			);
			runOnlyForDeploymentPostprocessing = 0;
		};
/* End PBXFrameworksBuildPhase section */

/* Begin PBXGroup section */
		652A6FDC1AFA44440061057C = {
			isa = PBXGroup;
			children = (
				652A6FE71AFA44440061057C /* ToDoList */,
				652A70011AFA44440061057C /* ToDoListTests */,
				652A6FE61AFA44440061057C /* Products */,
			);
			sourceTree = "<group>";
		};
		652A6FE61AFA44440061057C /* Products */ = {
			isa = PBXGroup;
			children = (
				652A6FE51AFA44440061057C /* ToDoList.app */,
				652A6FFE1AFA44440061057C /* ToDoListTests.xctest */,
			);
			name = Products;
			sourceTree = "<group>";
		};
		652A6FE71AFA44440061057C /* ToDoList */ = {
			isa = PBXGroup;
			children = (
				652A6FEC1AFA44440061057C /* AppDelegate.h */,
				652A6FED1AFA44440061057C /* AppDelegate.m */,
				652A6FEF1AFA44440061057C /* ViewController.h */,
				652A6FF01AFA44440061057C /* ViewController.m */,
				652A6FF21AFA44440061057C /* Main.storyboard */,
				652A6FF51AFA44440061057C /* Images.xcassets */,
				652A6FF71AFA44440061057C /* LaunchScreen.xib */,
				652A6FE81AFA44440061057C /* Supporting Files */,
			);
			path = ToDoList;
			sourceTree = "<group>";
		};
		652A6FE81AFA44440061057C /* Supporting Files */ = {
			isa = PBXGroup;
			children = (
				652A6FE91AFA44440061057C /* Info.plist */,
				652A6FEA1AFA44440061057C /* main.m */,
			);
			name = "Supporting Files";
			sourceTree = "<group>";
		};
		652A70011AFA44440061057C /* ToDoListTests */ = {
			isa = PBXGroup;
			children = (
				652A70041AFA44440061057C /* ToDoListTests.m */,
				652A70021AFA44440061057C /* Supporting Files */,
			);
			path = ToDoListTests;
			sourceTree = "<group>";
		};
		652A70021AFA44440061057C /* Supporting Files */ = {
			isa = PBXGroup;
			children = (
				652A70031AFA44440061057C /* Info.plist */,
			);
			name = "Supporting Files";
			sourceTree = "<group>";
		};
/* End PBXGroup section */

/* Begin PBXNativeTarget section */
		652A6FE41AFA44440061057C /* ToDoList */ = {
			isa = PBXNativeTarget;
			buildConfigurationList = 652A70081AFA44440061057C /* Build configuration list for PBXNativeTarget "ToDoList" */;
			buildPhases = (
				652A6FE11AFA44440061057C /* Sources */,
				652A6FE21AFA44440061057C /* Frameworks */,
				652A6FE31AFA44440061057C /* Resources */,
			);
			buildRules = (
			);
			dependencies = (
			);
			name = ToDoList;
			productName = ToDoList;
			productReference = 652A6FE51AFA44440061057C /* ToDoList.app */;
			productType = "com.apple.product-type.application";
		};
		652A6FFD1AFA44440061057C /* ToDoListTests */ = {
			isa = PBXNativeTarget;
			buildConfigurationList = 652A700B1AFA44440061057C /* Build configuration list for PBXNativeTarget "ToDoListTests" */;
			buildPhases = (
				652A6FFA1AFA44440061057C /* Sources */,
				652A6FFB1AFA44440061057C /* Frameworks */,
				652A6FFC1AFA44440061057C /* Resources */,
			);
			buildRules = (
			);
			dependencies = (
				652A70001AFA44440061057C /* PBXTargetDependency */,
			);
			name = ToDoListTests;
			productName = ToDoListTests;
			productReference = 652A6FFE1AFA44440061057C /* ToDoListTests.xctest */;
			productType = "com.apple.product-type.bundle.unit-test";
		};
/* End PBXNativeTarget section */

/* Begin PBXProject section */
		652A6FDD1AFA44440061057C /* Project object */ = {
			isa = PBXProject;
			attributes = {
				LastUpgradeCheck = 0630;
				ORGANIZATIONNAME = "Sandor Boros";
				TargetAttributes = {
					652A6FE41AFA44440061057C = {
						CreatedOnToolsVersion = 6.3.1;
					};
					652A6FFD1AFA44440061057C = {
						CreatedOnToolsVersion = 6.3.1;
						TestTargetID = 652A6FE41AFA44440061057C;
					};
				};
			};
			buildConfigurationList = 652A6FE01AFA44440061057C /* Build configuration list for PBXProject "ToDoList" */;
			compatibilityVersion = "Xcode 3.2";
			developmentRegion = English;
			hasScannedForEncodings = 0;
			knownRegions = (
				en,
				Base,
			);
			mainGroup = 652A6FDC1AFA44440061057C;
			productRefGroup = 652A6FE61AFA44440061057C /* Products */;
			projectDirPath = "";
			projectRoot = "";
			targets = (
				652A6FE41AFA44440061057C /* ToDoList */,
				652A6FFD1AFA44440061057C /* ToDoListTests */,
			);
		};
/* End PBXProject section */

/* Begin PBXResourcesBuildPhase section */
		652A6FE31AFA44440061057C /* Resources */ = {
			isa = PBXResourcesBuildPhase;
			buildActionMask = 2147483647;
			files = (
				652A6FF41AFA44440061057C /* Main.storyboard in Resources */,
				652A6FF91AFA44440061057C /* LaunchScreen.xib in Resources */,
				652A6FF61AFA44440061057C /* Images.xcassets in Resources */,
			);
			runOnlyForDeploymentPostprocessing = 0;
		};
		652A6FFC1AFA44440061057C /* Resources */ = {
			isa = PBXResourcesBuildPhase;
			buildActionMask = 2147483647;
			files = (
			);
			runOnlyForDeploymentPostprocessing = 0;
		};
/* End PBXResourcesBuildPhase section */

/* Begin PBXSourcesBuildPhase section */
		652A6FE11AFA44440061057C /* Sources */ = {
			isa = PBXSourcesBuildPhase;
			buildActionMask = 2147483647;
			files = (
				652A6FF11AFA44440061057C /* ViewController.m in Sources */,
				652A6FEE1AFA44440061057C /* AppDelegate.m in Sources */,
				652A6FEB1AFA44440061057C /* main.m in Sources */,
			);
			runOnlyForDeploymentPostprocessing = 0;
		};
		652A6FFA1AFA44440061057C /* Sources */ = {
			isa = PBXSourcesBuildPhase;
			buildActionMask = 2147483647;
			files = (
				652A70051AFA44440061057C /* ToDoListTests.m in Sources */,
			);
			runOnlyForDeploymentPostprocessing = 0;
		};
/* End PBXSourcesBuildPhase section */

/* Begin PBXTargetDependency section */
		652A70001AFA44440061057C /* PBXTargetDependency */ = {
			isa = PBXTargetDependency;
			target = 652A6FE41AFA44440061057C /* ToDoList */;
			targetProxy = 652A6FFF1AFA44440061057C /* PBXContainerItemProxy */;
		};
/* End PBXTargetDependency section */

/* Begin PBXVariantGroup section */
		652A6FF21AFA44440061057C /* Main.storyboard */ = {
			isa = PBXVariantGroup;
			children = (
				652A6FF31AFA44440061057C /* Base */,
			);
			name = Main.storyboard;
			sourceTree = "<group>";
		};
		652A6FF71AFA44440061057C /* LaunchScreen.xib */ = {
			isa = PBXVariantGroup;
			children = (
				652A6FF81AFA44440061057C /* Base */,
			);
			name = LaunchScreen.xib;
			sourceTree = "<group>";
		};
/* End PBXVariantGroup section */

/* Begin XCBuildConfiguration section */
		652A70061AFA44440061057C /* Debug */ = {
			isa = XCBuildConfiguration;
			buildSettings = {
				ALWAYS_SEARCH_USER_PATHS = NO;
				CLANG_CXX_LANGUAGE_STANDARD = "gnu++0x";
				CLANG_CXX_LIBRARY = "libc++";
				CLANG_ENABLE_MODULES = YES;
				CLANG_ENABLE_OBJC_ARC = YES;
				CLANG_WARN_BOOL_CONVERSION = YES;
				CLANG_WARN_CONSTANT_CONVERSION = YES;
				CLANG_WARN_DIRECT_OBJC_ISA_USAGE = YES_ERROR;
				CLANG_WARN_EMPTY_BODY = YES;
				CLANG_WARN_ENUM_CONVERSION = YES;
				CLANG_WARN_INT_CONVERSION = YES;
				CLANG_WARN_OBJC_ROOT_CLASS = YES_ERROR;
				CLANG_WARN_UNREACHABLE_CODE = YES;
				CLANG_WARN__DUPLICATE_METHOD_MATCH = YES;
				"CODE_SIGN_IDENTITY[sdk=iphoneos*]" = "iPhone Developer";
				COPY_PHASE_STRIP = NO;
				DEBUG_INFORMATION_FORMAT = "dwarf-with-dsym";
				ENABLE_STRICT_OBJC_MSGSEND = YES;
				GCC_C_LANGUAGE_STANDARD = gnu99;
				GCC_DYNAMIC_NO_PIC = NO;
				GCC_NO_COMMON_BLOCKS = YES;
				GCC_OPTIMIZATION_LEVEL = 0;
				GCC_PREPROCESSOR_DEFINITIONS = (
					"DEBUG=1",
					"$(inherited)",
				);
				GCC_SYMBOLS_PRIVATE_EXTERN = NO;
				GCC_WARN_64_TO_32_BIT_CONVERSION = YES;
				GCC_WARN_ABOUT_RETURN_TYPE = YES_ERROR;
				GCC_WARN_UNDECLARED_SELECTOR = YES;
				GCC_WARN_UNINITIALIZED_AUTOS = YES_AGGRESSIVE;
				GCC_WARN_UNUSED_FUNCTION = YES;
				GCC_WARN_UNUSED_VARIABLE = YES;
				IPHONEOS_DEPLOYMENT_TARGET = 8.3;
				MTL_ENABLE_DEBUG_INFO = YES;
				ONLY_ACTIVE_ARCH = YES;
				SDKROOT = iphoneos;
				TARGETED_DEVICE_FAMILY = "1,2";
			};
			name = Debug;
		};
		652A70071AFA44440061057C /* Release */ = {
			isa = XCBuildConfiguration;
			buildSettings = {
				ALWAYS_SEARCH_USER_PATHS = NO;
				CLANG_CXX_LANGUAGE_STANDARD = "gnu++0x";
				CLANG_CXX_LIBRARY = "libc++";
				CLANG_ENABLE_MODULES = YES;
				CLANG_ENABLE_OBJC_ARC = YES;
				CLANG_WARN_BOOL_CONVERSION = YES;
				CLANG_WARN_CONSTANT_CONVERSION = YES;
				CLANG_WARN_DIRECT_OBJC_ISA_USAGE = YES_ERROR;
				CLANG_WARN_EMPTY_BODY = YES;
				CLANG_WARN_ENUM_CONVERSION = YES;
				CLANG_WARN_INT_CONVERSION = YES;
				CLANG_WARN_OBJC_ROOT_CLASS = YES_ERROR;
				CLANG_WARN_UNREACHABLE_CODE = YES;
				CLANG_WARN__DUPLICATE_METHOD_MATCH = YES;
				"CODE_SIGN_IDENTITY[sdk=iphoneos*]" = "iPhone Developer";
				COPY_PHASE_STRIP = NO;
				DEBUG_INFORMATION_FORMAT = "dwarf-with-dsym";
				ENABLE_NS_ASSERTIONS = NO;
				ENABLE_STRICT_OBJC_MSGSEND = YES;
				GCC_C_LANGUAGE_STANDARD = gnu99;
				GCC_NO_COMMON_BLOCKS = YES;
				GCC_WARN_64_TO_32_BIT_CONVERSION = YES;
				GCC_WARN_ABOUT_RETURN_TYPE = YES_ERROR;
				GCC_WARN_UNDECLARED_SELECTOR = YES;
				GCC_WARN_UNINITIALIZED_AUTOS = YES_AGGRESSIVE;
				GCC_WARN_UNUSED_FUNCTION = YES;
				GCC_WARN_UNUSED_VARIABLE = YES;
				IPHONEOS_DEPLOYMENT_TARGET = 8.3;
				MTL_ENABLE_DEBUG_INFO = NO;
				SDKROOT = iphoneos;
				TARGETED_DEVICE_FAMILY = "1,2";
				VALIDATE_PRODUCT = YES;
			};
			name = Release;
		};
		652A70091AFA44440061057C /* Debug */ = {
			isa = XCBuildConfiguration;
			buildSettings = {
				ASSETCATALOG_COMPILER_APPICON_NAME = AppIcon;
				INFOPLIST_FILE = ToDoList/Info.plist;
				LD_RUNPATH_SEARCH_PATHS = "$(inherited) @executable_path/Frameworks";
				PRODUCT_NAME = "$(TARGET_NAME)";
			};
			name = Debug;
		};
		652A700A1AFA44440061057C /* Release */ = {
			isa = XCBuildConfiguration;
			buildSettings = {
				ASSETCATALOG_COMPILER_APPICON_NAME = AppIcon;
				INFOPLIST_FILE = ToDoList/Info.plist;
				LD_RUNPATH_SEARCH_PATHS = "$(inherited) @executable_path/Frameworks";
				PRODUCT_NAME = "$(TARGET_NAME)";
			};
			name = Release;
		};
		652A700C1AFA44440061057C /* Debug */ = {
			isa = XCBuildConfiguration;
			buildSettings = {
				BUNDLE_LOADER = "$(TEST_HOST)";
				FRAMEWORK_SEARCH_PATHS = (
					"$(SDKROOT)/Developer/Library/Frameworks",
					"$(inherited)",
				);
				GCC_PREPROCESSOR_DEFINITIONS = (
					"DEBUG=1",
					"$(inherited)",
				);
				INFOPLIST_FILE = ToDoListTests/Info.plist;
				LD_RUNPATH_SEARCH_PATHS = "$(inherited) @executable_path/Frameworks @loader_path/Frameworks";
				PRODUCT_NAME = "$(TARGET_NAME)";
				TEST_HOST = "$(BUILT_PRODUCTS_DIR)/ToDoList.app/ToDoList";
			};
			name = Debug;
		};
		652A700D1AFA44440061057C /* Release */ = {
			isa = XCBuildConfiguration;
			buildSettings = {
				BUNDLE_LOADER = "$(TEST_HOST)";
				FRAMEWORK_SEARCH_PATHS = (
					"$(SDKROOT)/Developer/Library/Frameworks",
					"$(inherited)",
				);
				INFOPLIST_FILE = ToDoListTests/Info.plist;
				LD_RUNPATH_SEARCH_PATHS = "$(inherited) @executable_path/Frameworks @loader_path/Frameworks";
				PRODUCT_NAME = "$(TARGET_NAME)";
				TEST_HOST = "$(BUILT_PRODUCTS_DIR)/ToDoList.app/ToDoList";
			};
			name = Release;
		};
/* End XCBuildConfiguration section */

/* Begin XCConfigurationList section */
		652A6FE01AFA44440061057C /* Build configuration list for PBXProject "ToDoList" */ = {
			isa = XCConfigurationList;
			buildConfigurations = (
				652A70061AFA44440061057C /* Debug */,
				652A70071AFA44440061057C /* Release */,
			);
			defaultConfigurationIsVisible = 0;
			defaultConfigurationName = Release;
		};
		652A70081AFA44440061057C /* Build configuration list for PBXNativeTarget "ToDoList" */ = {
			isa = XCConfigurationList;
			buildConfigurations = (
				652A70091AFA44440061057C /* Debug */,
				652A700A1AFA44440061057C /* Release */,
			);
			defaultConfigurationIsVisible = 0;
		};
		652A700B1AFA44440061057C /* Build configuration list for PBXNativeTarget "ToDoListTests" */ = {
			isa = XCConfigurationList;
			buildConfigurations = (
				652A700C1AFA44440061057C /* Debug */,
				652A700D1AFA44440061057C /* Release */,
			);
			defaultConfigurationIsVisible = 0;
		};
/* End XCConfigurationList section */
	};
	rootObject = 652A6FDD1AFA44440061057C /* Project object */;
}
